{
  "lockfile-version": 1,
  "manifest": {
    "version": 1,
    "install": {
      "cmake": {
        "pkg-path": "cmake",
        "pkg-group": "build"
      },
      "gcc": {
        "pkg-path": "gcc13",
        "pkg-group": "compilers",
        "priority": 3
      },
      "gcc-unwrapped": {
        "pkg-path": "gcc-unwrapped",
        "pkg-group": "libraries",
        "priority": 6
      },
      "git": {
        "pkg-path": "git"
      },
      "ninja": {
        "pkg-path": "ninja",
        "pkg-group": "build"
      },
      "openssl": {
        "pkg-path": "openssl"
      }
    },
    "vars": {
      "BUILD_DIR": "$FLOX_ENV_PROJECT/build",
      "SSRC_VERSION": "2.4.2"
    },
    "hook": {},
    "profile": {},
    "options": {}
  },
  "packages": [
    {
      "attr_path": "cmake",
      "broken": false,
      "derivation": "/nix/store/5az8cx0kbrm3sb3y0w86pgr87rl97hxx-cmake-4.1.2.drv",
      "description": "Cross-platform, open-source build system generator",
      "install_id": "cmake",
      "license": "BSD-3-Clause",
      "locked_url": "https://github.com/flox/nixpkgs?rev=6a08e6bb4e46ff7fcbb53d409b253f6bad8a28ce",
      "name": "cmake-4.1.2",
      "pname": "cmake",
      "rev": "6a08e6bb4e46ff7fcbb53d409b253f6bad8a28ce",
      "rev_count": 883951,
      "rev_date": "2025-10-25T06:24:58Z",
      "scrape_date": "2025-10-27T02:08:14.981069Z",
      "stabilities": [
        "unstable"
      ],
      "unfree": false,
      "version": "4.1.2",
      "outputs_to_install": [
        "out"
      ],
      "outputs": {
        "out": "/nix/store/g1ck4iddb7q6f5qm8pa3qqss6dp3gjlm-cmake-4.1.2"
      },
      "system": "aarch64-darwin",
      "group": "build",
      "priority": 5
    },
    {
      "attr_path": "cmake",
      "broken": false,
      "derivation": "/nix/store/cgay7nbz73zm32xgmbgn7zws1n8rlc2l-cmake-4.1.2.drv",
      "description": "Cross-platform, open-source build system generator",
      "install_id": "cmake",
      "license": "BSD-3-Clause",
      "locked_url": "https://github.com/flox/nixpkgs?rev=6a08e6bb4e46ff7fcbb53d409b253f6bad8a28ce",
      "name": "cmake-4.1.2",
      "pname": "cmake",
      "rev": "6a08e6bb4e46ff7fcbb53d409b253f6bad8a28ce",
      "rev_count": 883951,
      "rev_date": "2025-10-25T06:24:58Z",
      "scrape_date": "2025-10-27T02:18:26.184514Z",
      "stabilities": [
        "unstable"
      ],
      "unfree": false,
      "version": "4.1.2",
      "outputs_to_install": [
        "out"
      ],
      "outputs": {
        "debug": "/nix/store/7h913kgsf5mqba39r2a2npbd9fwcs5q3-cmake-4.1.2-debug",
        "out": "/nix/store/wwxllnq886443diryrcxkca6b6cmn7f7-cmake-4.1.2"
      },
      "system": "aarch64-linux",
      "group": "build",
      "priority": 5
    },
    {
      "attr_path": "cmake",
      "broken": false,
      "derivation": "/nix/store/i1aqkklwlf2r35sxq30dacbvnam6qrwx-cmake-4.1.2.drv",
      "description": "Cross-platform, open-source build system generator",
      "install_id": "cmake",
      "license": "BSD-3-Clause",
      "locked_url": "https://github.com/flox/nixpkgs?rev=6a08e6bb4e46ff7fcbb53d409b253f6bad8a28ce",
      "name": "cmake-4.1.2",
      "pname": "cmake",
      "rev": "6a08e6bb4e46ff7fcbb53d409b253f6bad8a28ce",
      "rev_count": 883951,
      "rev_date": "2025-10-25T06:24:58Z",
      "scrape_date": "2025-10-27T02:29:21.568532Z",
      "stabilities": [
        "unstable"
      ],
      "unfree": false,
      "version": "4.1.2",
      "outputs_to_install": [
        "out"
      ],
      "outputs": {
        "out": "/nix/store/06i0k56x3asszhsgwjrc1rngq0h163mx-cmake-4.1.2"
      },
      "system": "x86_64-darwin",
      "group": "build",
      "priority": 5
    },
    {
      "attr_path": "cmake",
      "broken": false,
      "derivation": "/nix/store/k3fkxpni8wx6hq1hbc6kbcgs52qyvj78-cmake-4.1.2.drv",
      "description": "Cross-platform, open-source build system generator",
      "install_id": "cmake",
      "license": "BSD-3-Clause",
      "locked_url": "https://github.com/flox/nixpkgs?rev=6a08e6bb4e46ff7fcbb53d409b253f6bad8a28ce",
      "name": "cmake-4.1.2",
      "pname": "cmake",
      "rev": "6a08e6bb4e46ff7fcbb53d409b253f6bad8a28ce",
      "rev_count": 883951,
      "rev_date": "2025-10-25T06:24:58Z",
      "scrape_date": "2025-10-27T03:00:54.361867Z",
      "stabilities": [
        "unstable"
      ],
      "unfree": false,
      "version": "4.1.2",
      "outputs_to_install": [
        "out"
      ],
      "outputs": {
        "debug": "/nix/store/6xgz1k0maw0pf5jmnrpfrir9zzk9bxmj-cmake-4.1.2-debug",
        "out": "/nix/store/5bn5f4ivqf4xn19khh4kcg4ngnjs6spg-cmake-4.1.2"
      },
      "system": "x86_64-linux",
      "group": "build",
      "priority": 5
    },
    {
      "attr_path": "ninja",
      "broken": false,
      "derivation": "/nix/store/02nxn4pnk1jpgqr001yf0lqvgvzd2k9q-ninja-1.13.1.drv",
      "description": "Small build system with a focus on speed",
      "install_id": "ninja",
      "license": "Apache-2.0",
      "locked_url": "https://github.com/flox/nixpkgs?rev=6a08e6bb4e46ff7fcbb53d409b253f6bad8a28ce",
      "name": "ninja-1.13.1",
      "pname": "ninja",
      "rev": "6a08e6bb4e46ff7fcbb53d409b253f6bad8a28ce",
      "rev_count": 883951,
      "rev_date": "2025-10-25T06:24:58Z",
      "scrape_date": "2025-10-27T02:08:36.682273Z",
      "stabilities": [
        "unstable"
      ],
      "unfree": false,
      "version": "1.13.1",
      "outputs_to_install": [
        "out"
      ],
      "outputs": {
        "out": "/nix/store/1r1jpjv8ykswgbf3y58la65rajjwnhq2-ninja-1.13.1"
      },
      "system": "aarch64-darwin",
      "group": "build",
      "priority": 5
    },
    {
      "attr_path": "ninja",
      "broken": false,
      "derivation": "/nix/store/nlz4mkq6zi323jifhl8w5wv7gahr40l7-ninja-1.13.1.drv",
      "description": "Small build system with a focus on speed",
      "install_id": "ninja",
      "license": "Apache-2.0",
      "locked_url": "https://github.com/flox/nixpkgs?rev=6a08e6bb4e46ff7fcbb53d409b253f6bad8a28ce",
      "name": "ninja-1.13.1",
      "pname": "ninja",
      "rev": "6a08e6bb4e46ff7fcbb53d409b253f6bad8a28ce",
      "rev_count": 883951,
      "rev_date": "2025-10-25T06:24:58Z",
      "scrape_date": "2025-10-27T02:19:00.963409Z",
      "stabilities": [
        "unstable"
      ],
      "unfree": false,
      "version": "1.13.1",
      "outputs_to_install": [
        "out"
      ],
      "outputs": {
        "out": "/nix/store/3xigr0sk865az0brj1pccdmm2rvwwqnn-ninja-1.13.1"
      },
      "system": "aarch64-linux",
      "group": "build",
      "priority": 5
    },
    {
      "attr_path": "ninja",
      "broken": false,
      "derivation": "/nix/store/z6hmyy79j6lq28d1p012d6gwmllzh03w-ninja-1.13.1.drv",
      "description": "Small build system with a focus on speed",
      "install_id": "ninja",
      "license": "Apache-2.0",
      "locked_url": "https://github.com/flox/nixpkgs?rev=6a08e6bb4e46ff7fcbb53d409b253f6bad8a28ce",
      "name": "ninja-1.13.1",
      "pname": "ninja",
      "rev": "6a08e6bb4e46ff7fcbb53d409b253f6bad8a28ce",
      "rev_count": 883951,
      "rev_date": "2025-10-25T06:24:58Z",
      "scrape_date": "2025-10-27T02:29:42.466790Z",
      "stabilities": [
        "unstable"
      ],
      "unfree": false,
      "version": "1.13.1",
      "outputs_to_install": [
        "out"
      ],
      "outputs": {
        "out": "/nix/store/j2ncgw7g70j2cjb4j0sh6lfrpfzzwbzj-ninja-1.13.1"
      },
      "system": "x86_64-darwin",
      "group": "build",
      "priority": 5
    },
    {
      "attr_path": "ninja",
      "broken": false,
      "derivation": "/nix/store/hy1h0jcqmcqc5xc4vpn56xw6j3rm1bn7-ninja-1.13.1.drv",
      "description": "Small build system with a focus on speed",
      "install_id": "ninja",
      "license": "Apache-2.0",
      "locked_url": "https://github.com/flox/nixpkgs?rev=6a08e6bb4e46ff7fcbb53d409b253f6bad8a28ce",
      "name": "ninja-1.13.1",
      "pname": "ninja",
      "rev": "6a08e6bb4e46ff7fcbb53d409b253f6bad8a28ce",
      "rev_count": 883951,
      "rev_date": "2025-10-25T06:24:58Z",
      "scrape_date": "2025-10-27T03:01:33.143670Z",
      "stabilities": [
        "unstable"
      ],
      "unfree": false,
      "version": "1.13.1",
      "outputs_to_install": [
        "out"
      ],
      "outputs": {
        "out": "/nix/store/asj4vdlgiqpcqc45lq29r4hv4wlfbl63-ninja-1.13.1"
      },
      "system": "x86_64-linux",
      "group": "build",
      "priority": 5
    },
    {
      "attr_path": "gcc13",
      "broken": false,
      "derivation": "/nix/store/30lk90r0dfsw8q3ng82bs3l1v5z0nbvc-gcc-wrapper-13.3.0.drv",
      "description": "GNU Compiler Collection, version 13.3.0 (wrapper script)",
      "install_id": "gcc",
      "license": "GPL-3.0-or-later",
      "locked_url": "https://github.com/flox/nixpkgs?rev=9807714d6944a957c2e036f84b0ff8caf9930bc0",
      "name": "gcc-wrapper-13.3.0",
      "pname": "gcc13",
      "rev": "9807714d6944a957c2e036f84b0ff8caf9930bc0",
      "rev_count": 826938,
      "rev_date": "2025-07-08T14:16:20Z",
      "scrape_date": "2025-07-10T05:14:30.907740Z",
      "stabilities": [
        "staging",
        "unstable"
      ],
      "unfree": false,
      "version": "13.3.0",
      "outputs_to_install": [
        "man",
        "out"
      ],
      "outputs": {
        "info": "/nix/store/f8f8m493llq86j9jc7zqkx9y5140nix6-gcc-wrapper-13.3.0-info",
        "man": "/nix/store/vzdczv0v66q1gbymngiq1nxdnh3623qb-gcc-wrapper-13.3.0-man",
        "out": "/nix/store/mky1md6llra9qj99bm907h4f06lsxzn7-gcc-wrapper-13.3.0"
      },
      "system": "aarch64-darwin",
      "group": "compilers",
      "priority": 3
    },
    {
      "attr_path": "gcc13",
      "broken": false,
      "derivation": "/nix/store/idm49alkznjqqj7y3wa7hawp0pk1g4hm-gcc-wrapper-13.3.0.drv",
      "description": "GNU Compiler Collection, version 13.3.0 (wrapper script)",
      "install_id": "gcc",
      "license": "GPL-3.0-or-later",
      "locked_url": "https://github.com/flox/nixpkgs?rev=9807714d6944a957c2e036f84b0ff8caf9930bc0",
      "name": "gcc-wrapper-13.3.0",
      "pname": "gcc13",
      "rev": "9807714d6944a957c2e036f84b0ff8caf9930bc0",
      "rev_count": 826938,
      "rev_date": "2025-07-08T14:16:20Z",
      "scrape_date": "2025-07-10T05:34:51.284866Z",
      "stabilities": [
        "staging",
        "unstable"
      ],
      "unfree": false,
      "version": "13.3.0",
      "outputs_to_install": [
        "man",
        "out"
      ],
      "outputs": {
        "info": "/nix/store/nqdzjm2iif1fvg7jcwrp8axsvq3fbcm4-gcc-wrapper-13.3.0-info",
        "man": "/nix/store/si1jl67vpg9gzmbmnnrd17lkbwjbmm32-gcc-wrapper-13.3.0-man",
        "out": "/nix/store/k1x569vhdvdv27mh3xf2k4ivxw2cq3jq-gcc-wrapper-13.3.0"
      },
      "system": "aarch64-linux",
      "group": "compilers",
      "priority": 3
    },
    {
      "attr_path": "gcc13",
      "broken": false,
      "derivation": "/nix/store/15dsiq5sfkg70b4xh7z9ygvaddj0zpf6-gcc-wrapper-13.3.0.drv",
      "description": "GNU Compiler Collection, version 13.3.0 (wrapper script)",
      "install_id": "gcc",
      "license": "GPL-3.0-or-later",
      "locked_url": "https://github.com/flox/nixpkgs?rev=9807714d6944a957c2e036f84b0ff8caf9930bc0",
      "name": "gcc-wrapper-13.3.0",
      "pname": "gcc13",
      "rev": "9807714d6944a957c2e036f84b0ff8caf9930bc0",
      "rev_count": 826938,
      "rev_date": "2025-07-08T14:16:20Z",
      "scrape_date": "2025-07-10T05:53:49.179502Z",
      "stabilities": [
        "staging",
        "unstable"
      ],
      "unfree": false,
      "version": "13.3.0",
      "outputs_to_install": [
        "man",
        "out"
      ],
      "outputs": {
        "info": "/nix/store/725nqf798fpflynhf3jkaqhxb3vr0b37-gcc-wrapper-13.3.0-info",
        "man": "/nix/store/616xd7ky6p1ch9a6kjz38aincmdk8gcy-gcc-wrapper-13.3.0-man",
        "out": "/nix/store/zzgmcvfif8djjlq9a627iwnxlssgcvj7-gcc-wrapper-13.3.0"
      },
      "system": "x86_64-darwin",
      "group": "compilers",
      "priority": 3
    },
    {
      "attr_path": "gcc13",
      "broken": false,
      "derivation": "/nix/store/z6x5n51bf4nmjdpb16a5iyklnifk1iq4-gcc-wrapper-13.3.0.drv",
      "description": "GNU Compiler Collection, version 13.3.0 (wrapper script)",
      "install_id": "gcc",
      "license": "GPL-3.0-or-later",
      "locked_url": "https://github.com/flox/nixpkgs?rev=9807714d6944a957c2e036f84b0ff8caf9930bc0",
      "name": "gcc-wrapper-13.3.0",
      "pname": "gcc13",
      "rev": "9807714d6944a957c2e036f84b0ff8caf9930bc0",
      "rev_count": 826938,
      "rev_date": "2025-07-08T14:16:20Z",
      "scrape_date": "2025-07-10T06:15:25.770600Z",
      "stabilities": [
        "staging",
        "unstable"
      ],
      "unfree": false,
      "version": "13.3.0",
      "outputs_to_install": [
        "man",
        "out"
      ],
      "outputs": {
        "info": "/nix/store/vw2lxsyhswp6zc8w7iyplxrjiq6pdp28-gcc-wrapper-13.3.0-info",
        "man": "/nix/store/6zvhccknzv2fsp87dx6fmnrv111rjicj-gcc-wrapper-13.3.0-man",
        "out": "/nix/store/4f40hwsd2gkwmy66c2swy8lyjgrxh7am-gcc-wrapper-13.3.0"
      },
      "system": "x86_64-linux",
      "group": "compilers",
      "priority": 3
    },
    {
      "attr_path": "gcc-unwrapped",
      "broken": false,
      "derivation": "/nix/store/iqz9qxlk4f59lv4kd2zx9fx56l8ls4pf-gcc-14.3.0.drv",
      "description": "GNU Compiler Collection, version 14.3.0",
      "install_id": "gcc-unwrapped",
      "license": "GPL-3.0-or-later",
      "locked_url": "https://github.com/flox/nixpkgs?rev=6a08e6bb4e46ff7fcbb53d409b253f6bad8a28ce",
      "name": "gcc-14.3.0",
      "pname": "gcc-unwrapped",
      "rev": "6a08e6bb4e46ff7fcbb53d409b253f6bad8a28ce",
      "rev_count": 883951,
      "rev_date": "2025-10-25T06:24:58Z",
      "scrape_date": "2025-10-27T02:08:16.368916Z",
      "stabilities": [
        "unstable"
      ],
      "unfree": false,
      "version": "14.3.0",
      "outputs_to_install": [
        "man",
        "out"
      ],
      "outputs": {
        "info": "/nix/store/rcla6i1jlikcg5gdikmic39z0bvfr33c-gcc-14.3.0-info",
        "lib": "/nix/store/0hmh0bmpjbzya6lqi3ziy2ymj9696qln-gcc-14.3.0-lib",
        "man": "/nix/store/j1biv3nq2mlgysgli6pi289frbbpn07y-gcc-14.3.0-man",
        "out": "/nix/store/x0rg5sdxc63l5knb8pmyqnb75njbl533-gcc-14.3.0"
      },
      "system": "aarch64-darwin",
      "group": "libraries",
      "priority": 6
    },
    {
      "attr_path": "gcc-unwrapped",
      "broken": false,
      "derivation": "/nix/store/9qnqq1jzddqnb38akfjhl3kq4dqifmkq-gcc-14.3.0.drv",
      "description": "GNU Compiler Collection, version 14.3.0",
      "install_id": "gcc-unwrapped",
      "license": "GPL-3.0-or-later",
      "locked_url": "https://github.com/flox/nixpkgs?rev=6a08e6bb4e46ff7fcbb53d409b253f6bad8a28ce",
      "name": "gcc-14.3.0",
      "pname": "gcc-unwrapped",
      "rev": "6a08e6bb4e46ff7fcbb53d409b253f6bad8a28ce",
      "rev_count": 883951,
      "rev_date": "2025-10-25T06:24:58Z",
      "scrape_date": "2025-10-27T02:18:27.259123Z",
      "stabilities": [
        "unstable"
      ],
      "unfree": false,
      "version": "14.3.0",
      "outputs_to_install": [
        "man",
        "out"
      ],
      "outputs": {
        "checksum": "/nix/store/mfi7z57s4lwfjzifxs7jny0qm2h5f3vx-gcc-14.3.0-checksum",
        "info": "/nix/store/8vm32slp7b8v88n2xjzwp84ljm5064g6-gcc-14.3.0-info",
        "lib": "/nix/store/zmjqwzhgl9hwr8xnk8raj8d50lzkql66-gcc-14.3.0-lib",
        "libgcc": "/nix/store/f8w1i7yisixb9hivzbk0l4ixmf67fjqr-gcc-14.3.0-libgcc",
        "man": "/nix/store/81y9ib5ydnnpqhyg70078zwcxzq6zpir-gcc-14.3.0-man",
        "out": "/nix/store/z6c8n7gxx2i57zvmri96j4zgxb8v4v1f-gcc-14.3.0"
      },
      "system": "aarch64-linux",
      "group": "libraries",
      "priority": 6
    },
    {
      "attr_path": "gcc-unwrapped",
      "broken": false,
      "derivation": "/nix/store/8pns6v0aq78j9nh09qrc561qljpkbkim-gcc-14.3.0.drv",
      "description": "GNU Compiler Collection, version 14.3.0",
      "install_id": "gcc-unwrapped",
      "license": "GPL-3.0-or-later",
      "locked_url": "https://github.com/flox/nixpkgs?rev=6a08e6bb4e46ff7fcbb53d409b253f6bad8a28ce",
      "name": "gcc-14.3.0",
      "pname": "gcc-unwrapped",
      "rev": "6a08e6bb4e46ff7fcbb53d409b253f6bad8a28ce",
      "rev_count": 883951,
      "rev_date": "2025-10-25T06:24:58Z",
      "scrape_date": "2025-10-27T02:29:22.221359Z",
      "stabilities": [
        "unstable"
      ],
      "unfree": false,
      "version": "14.3.0",
      "outputs_to_install": [
        "man",
        "out"
      ],
      "outputs": {
        "info": "/nix/store/0qni6jhz6xshdxcjzfdzww0ccaiyb0aj-gcc-14.3.0-info",
        "lib": "/nix/store/ih2i0vfgqlsz7mqvxzm40xy08kcnf1xk-gcc-14.3.0-lib",
        "man": "/nix/store/6syl8xr7j8yc340i524gapgznvjmac2a-gcc-14.3.0-man",
        "out": "/nix/store/f8avfw6i9acdwcl8kcijm7g4z3s00ysz-gcc-14.3.0"
      },
      "system": "x86_64-darwin",
      "group": "libraries",
      "priority": 6
    },
    {
      "attr_path": "gcc-unwrapped",
      "broken": false,
      "derivation": "/nix/store/csn2adchl5yyh8kiy4mcaf3bb490zh7n-gcc-14.3.0.drv",
      "description": "GNU Compiler Collection, version 14.3.0",
      "install_id": "gcc-unwrapped",
      "license": "GPL-3.0-or-later",
      "locked_url": "https://github.com/flox/nixpkgs?rev=6a08e6bb4e46ff7fcbb53d409b253f6bad8a28ce",
      "name": "gcc-14.3.0",
      "pname": "gcc-unwrapped",
      "rev": "6a08e6bb4e46ff7fcbb53d409b253f6bad8a28ce",
      "rev_count": 883951,
      "rev_date": "2025-10-25T06:24:58Z",
      "scrape_date": "2025-10-27T03:00:55.568823Z",
      "stabilities": [
        "unstable"
      ],
      "unfree": false,
      "version": "14.3.0",
      "outputs_to_install": [
        "man",
        "out"
      ],
      "outputs": {
        "checksum": "/nix/store/zjyl1cdjz9jkjzqf95jlxffkkx58dwls-gcc-14.3.0-checksum",
        "info": "/nix/store/d03p34500svz1wlrwpzwr4930xzd0g1a-gcc-14.3.0-info",
        "lib": "/nix/store/z7a34j3xnp66rpddayyxrxwsahxccbip-gcc-14.3.0-lib",
        "libgcc": "/nix/store/mnd897flngivhxnw8sxznhrcwwc9vyk3-gcc-14.3.0-libgcc",
        "man": "/nix/store/j7mhlc3lwv6bz199iclik4fmgh4f8g24-gcc-14.3.0-man",
        "out": "/nix/store/ffrg0560kj0066s4k9pznjand907nlnz-gcc-14.3.0"
      },
      "system": "x86_64-linux",
      "group": "libraries",
      "priority": 6
    },
    {
      "attr_path": "git",
      "broken": false,
      "derivation": "/nix/store/wlsljhn89ygfpl3z6sl4lhvllscd86xz-git-2.51.0.drv",
      "description": "Distributed version control system",
      "install_id": "git",
      "license": "GPL-2.0",
      "locked_url": "https://github.com/flox/nixpkgs?rev=6a08e6bb4e46ff7fcbb53d409b253f6bad8a28ce",
      "name": "git-2.51.0",
      "pname": "git",
      "rev": "6a08e6bb4e46ff7fcbb53d409b253f6bad8a28ce",
      "rev_count": 883951,
      "rev_date": "2025-10-25T06:24:58Z",
      "scrape_date": "2025-10-27T02:08:16.450292Z",
      "stabilities": [
        "unstable"
      ],
      "unfree": false,
      "version": "2.51.0",
      "outputs_to_install": [
        "out"
      ],
      "outputs": {
        "doc": "/nix/store/fwx23zsz09rirgfp0r5kzsh7nbg6d9ff-git-2.51.0-doc",
        "out": "/nix/store/1xqc4nc97vwmx6dqrk0zns79xncb5chw-git-2.51.0"
      },
      "system": "aarch64-darwin",
      "group": "toplevel",
      "priority": 5
    },
    {
      "attr_path": "git",
      "broken": false,
      "derivation": "/nix/store/2y7pmls9hlkj2a3y5b3660ln7hvxl62m-git-2.51.0.drv",
      "description": "Distributed version control system",
      "install_id": "git",
      "license": "GPL-2.0",
      "locked_url": "https://github.com/flox/nixpkgs?rev=6a08e6bb4e46ff7fcbb53d409b253f6bad8a28ce",
      "name": "git-2.51.0",
      "pname": "git",
      "rev": "6a08e6bb4e46ff7fcbb53d409b253f6bad8a28ce",
      "rev_count": 883951,
      "rev_date": "2025-10-25T06:24:58Z",
      "scrape_date": "2025-10-27T02:18:27.374629Z",
      "stabilities": [
        "unstable"
      ],
      "unfree": false,
      "version": "2.51.0",
      "outputs_to_install": [
        "out"
      ],
      "outputs": {
        "debug": "/nix/store/h5r9901ms52cxfqvm4pb0d2y24ddc9vv-git-2.51.0-debug",
        "doc": "/nix/store/0dp21kpx7d2xh0y29y79wwggrhgnjks5-git-2.51.0-doc",
        "out": "/nix/store/1xrbd5mmc64lx3hwm07kq27f445rs4xh-git-2.51.0"
      },
      "system": "aarch64-linux",
      "group": "toplevel",
      "priority": 5
    },
    {
      "attr_path": "git",
      "broken": false,
      "derivation": "/nix/store/qrz3n768mlyfnr0ibh0xm59cy6g0ymlh-git-2.51.0.drv",
      "description": "Distributed version control system",
      "install_id": "git",
      "license": "GPL-2.0",
      "locked_url": "https://github.com/flox/nixpkgs?rev=6a08e6bb4e46ff7fcbb53d409b253f6bad8a28ce",
      "name": "git-2.51.0",
      "pname": "git",
      "rev": "6a08e6bb4e46ff7fcbb53d409b253f6bad8a28ce",
      "rev_count": 883951,
      "rev_date": "2025-10-25T06:24:58Z",
      "scrape_date": "2025-10-27T02:29:22.300307Z",
      "stabilities": [
        "unstable"
      ],
      "unfree": false,
      "version": "2.51.0",
      "outputs_to_install": [
        "out"
      ],
      "outputs": {
        "doc": "/nix/store/sl8z2ijj21c8r4dxaa0vi4bv8xyavq26-git-2.51.0-doc",
        "out": "/nix/store/wcnaxbjl7fkdfy20jgyj4pf6jarc36p8-git-2.51.0"
      },
      "system": "x86_64-darwin",
      "group": "toplevel",
      "priority": 5
    },
    {
      "attr_path": "git",
      "broken": false,
      "derivation": "/nix/store/hnfy2a69xlpqw8d8na5fcf72q0ajmp5z-git-2.51.0.drv",
      "description": "Distributed version control system",
      "install_id": "git",
      "license": "GPL-2.0",
      "locked_url": "https://github.com/flox/nixpkgs?rev=6a08e6bb4e46ff7fcbb53d409b253f6bad8a28ce",
      "name": "git-2.51.0",
      "pname": "git",
      "rev": "6a08e6bb4e46ff7fcbb53d409b253f6bad8a28ce",
      "rev_count": 883951,
      "rev_date": "2025-10-25T06:24:58Z",
      "scrape_date": "2025-10-27T03:00:55.696103Z",
      "stabilities": [
        "unstable"
      ],
      "unfree": false,
      "version": "2.51.0",
      "outputs_to_install": [
        "out"
      ],
      "outputs": {
        "debug": "/nix/store/n2qv18fvl3d4jn4y1828mk89zpl83840-git-2.51.0-debug",
        "doc": "/nix/store/b7382m8mvzm3336f6lj8wdbqwsclc0yx-git-2.51.0-doc",
        "out": "/nix/store/60440kg5c51rrlpinkk2rkg020q5q6kv-git-2.51.0"
      },
      "system": "x86_64-linux",
      "group": "toplevel",
      "priority": 5
    },
    {
      "attr_path": "openssl",
      "broken": false,
      "derivation": "/nix/store/d19yhx431s33hyigd35rrs4w4qjrxq3s-openssl-3.6.0.drv",
      "description": "Cryptographic library that implements the SSL and TLS protocols",
      "install_id": "openssl",
      "license": "Apache-2.0",
      "locked_url": "https://github.com/flox/nixpkgs?rev=6a08e6bb4e46ff7fcbb53d409b253f6bad8a28ce",
      "name": "openssl-3.6.0",
      "pname": "openssl",
      "rev": "6a08e6bb4e46ff7fcbb53d409b253f6bad8a28ce",
      "rev_count": 883951,
      "rev_date": "2025-10-25T06:24:58Z",
      "scrape_date": "2025-10-27T02:08:40.654714Z",
      "stabilities": [
        "unstable"
      ],
      "unfree": false,
      "version": "3.6.0",
      "outputs_to_install": [
        "bin",
        "man"
      ],
      "outputs": {
        "bin": "/nix/store/a510al4qb07822jg7dhq5lwhk4594mw8-openssl-3.6.0-bin",
        "dev": "/nix/store/izw5d5ncyk8rsapyq7z37sglcf624321-openssl-3.6.0-dev",
        "doc": "/nix/store/jk6pbq3mgmscl226rwv8nycsyllwrcrh-openssl-3.6.0-doc",
        "man": "/nix/store/l25sh69xybkvm9bb7vzv1cv11axj67vy-openssl-3.6.0-man",
        "out": "/nix/store/01x137jgpx7xhck6p42pgpb3whnkiyqy-openssl-3.6.0"
      },
      "system": "aarch64-darwin",
      "group": "toplevel",
      "priority": 5
    },
    {
      "attr_path": "openssl",
      "broken": false,
      "derivation": "/nix/store/b2c28s25w2wq39j6fp0qfm6phni1dra6-openssl-3.6.0.drv",
      "description": "Cryptographic library that implements the SSL and TLS protocols",
      "install_id": "openssl",
      "license": "Apache-2.0",
      "locked_url": "https://github.com/flox/nixpkgs?rev=6a08e6bb4e46ff7fcbb53d409b253f6bad8a28ce",
      "name": "openssl-3.6.0",
      "pname": "openssl",
      "rev": "6a08e6bb4e46ff7fcbb53d409b253f6bad8a28ce",
      "rev_count": 883951,
      "rev_date": "2025-10-25T06:24:58Z",
      "scrape_date": "2025-10-27T02:19:07.136845Z",
      "stabilities": [
        "unstable"
      ],
      "unfree": false,
      "version": "3.6.0",
      "outputs_to_install": [
        "bin",
        "man"
      ],
      "outputs": {
        "bin": "/nix/store/vj3fqlyk02xyvfk7dklark4nkl39ryza-openssl-3.6.0-bin",
        "debug": "/nix/store/wm94zhisrncm7d9fn23z6v4kda4wk1l6-openssl-3.6.0-debug",
        "dev": "/nix/store/zqjp5aj4fdr4r0hh09h37v867dmfh8gg-openssl-3.6.0-dev",
        "doc": "/nix/store/l7chf2fv121gw1apv7ymnahxrxdgz7i4-openssl-3.6.0-doc",
        "man": "/nix/store/r5j26nw5wc81ncwp9f9j8rp6srwn1ims-openssl-3.6.0-man",
        "out": "/nix/store/nyhk12jm8722b5r8wc2dyjhi1ffykk4j-openssl-3.6.0"
      },
      "system": "aarch64-linux",
      "group": "toplevel",
      "priority": 5
    },
    {
      "attr_path": "openssl",
      "broken": false,
      "derivation": "/nix/store/25hb30j6qnmia9ipy272fx4f5dgyz2w8-openssl-3.6.0.drv",
      "description": "Cryptographic library that implements the SSL and TLS protocols",
      "install_id": "openssl",
      "license": "Apache-2.0",
      "locked_url": "https://github.com/flox/nixpkgs?rev=6a08e6bb4e46ff7fcbb53d409b253f6bad8a28ce",
      "name": "openssl-3.6.0",
      "pname": "openssl",
      "rev": "6a08e6bb4e46ff7fcbb53d409b253f6bad8a28ce",
      "rev_count": 883951,
      "rev_date": "2025-10-25T06:24:58Z",
      "scrape_date": "2025-10-27T02:29:46.318697Z",
      "stabilities": [
        "unstable"
      ],
      "unfree": false,
      "version": "3.6.0",
      "outputs_to_install": [
        "bin",
        "man"
      ],
      "outputs": {
        "bin": "/nix/store/140p3bxkn7yk5viyzlg5nznsshn70j05-openssl-3.6.0-bin",
        "dev": "/nix/store/fq3jcnd91j4id2d0h85vm9nn1m1p8dm6-openssl-3.6.0-dev",
        "doc": "/nix/store/pmrrzn8xjjb32rs8mnar1mczifxgqr20-openssl-3.6.0-doc",
        "man": "/nix/store/nhvawca3vw0n320w9syg1rn0y2ds2byq-openssl-3.6.0-man",
        "out": "/nix/store/c4cm4l3c8qaaync9xs8kk31ajff40n6d-openssl-3.6.0"
      },
      "system": "x86_64-darwin",
      "group": "toplevel",
      "priority": 5
    },
    {
      "attr_path": "openssl",
      "broken": false,
      "derivation": "/nix/store/qvnakgfi92jhmjxpb96hypp0r2lzjy9x-openssl-3.6.0.drv",
      "description": "Cryptographic library that implements the SSL and TLS protocols",
      "install_id": "openssl",
      "license": "Apache-2.0",
      "locked_url": "https://github.com/flox/nixpkgs?rev=6a08e6bb4e46ff7fcbb53d409b253f6bad8a28ce",
      "name": "openssl-3.6.0",
      "pname": "openssl",
      "rev": "6a08e6bb4e46ff7fcbb53d409b253f6bad8a28ce",
      "rev_count": 883951,
      "rev_date": "2025-10-25T06:24:58Z",
      "scrape_date": "2025-10-27T03:01:39.544435Z",
      "stabilities": [
        "unstable"
      ],
      "unfree": false,
      "version": "3.6.0",
      "outputs_to_install": [
        "bin",
        "man"
      ],
      "outputs": {
        "bin": "/nix/store/wlh6plymkd971amrm339p4jg9mk48w4q-openssl-3.6.0-bin",
        "debug": "/nix/store/4f16p2jh0w3552la3kppz4fr5b7nb7l7-openssl-3.6.0-debug",
        "dev": "/nix/store/4vm27ldxmphlgyj3vf1h7dlgvj5hvj0w-openssl-3.6.0-dev",
        "doc": "/nix/store/mq7kljq3xfda7dxf2jg184pqsyg771mh-openssl-3.6.0-doc",
        "man": "/nix/store/9l397nd1xk85q0a3g2c0798la5vifwfi-openssl-3.6.0-man",
        "out": "/nix/store/llswcygvgv9x2sa3z6j7i0g5iqqmn5gn-openssl-3.6.0"
      },
      "system": "x86_64-linux",
      "group": "toplevel",
      "priority": 5
    }
  ]
}